{
    "_readme": [
        "This file locks the dependencies of your project to a known state",
        "Read more about it at https://getcomposer.org/doc/01-basic-usage.md#installing-dependencies",
        "This file is @generated automatically"
    ],
    "content-hash": "3f23045f95a80525400bb2f4f41f3b93",
    "packages": [
        {
            "name": "leafo/scssphp",
            "version": "v0.7.8",
            "source": {
                "type": "git",
                "url": "https://github.com/leafo/scssphp.git",
                "reference": "a384906af3d078e98b089d7d36f6ceab8703f7ff"
            },
            "dist": {
                "type": "zip",
                "url": "https://api.github.com/repos/leafo/scssphp/zipball/a384906af3d078e98b089d7d36f6ceab8703f7ff",
                "reference": "a384906af3d078e98b089d7d36f6ceab8703f7ff",
                "shasum": ""
            },
            "require": {
                "php": ">=5.4.0"
            },
            "require-dev": {
                "phpunit/phpunit": "~4.6",
                "squizlabs/php_codesniffer": "~2.5"
            },
            "bin": [
                "bin/pscss"
            ],
            "type": "library",
            "autoload": {
                "psr-4": {
                    "Leafo\\ScssPhp\\": "src/"
                }
            },
            "notification-url": "https://packagist.org/downloads/",
            "license": [
                "MIT"
            ],
            "authors": [
                {
                    "name": "Leaf Corcoran",
                    "email": "leafot@gmail.com",
                    "homepage": "http://leafo.net"
                }
            ],
            "description": "scssphp is a compiler for SCSS written in PHP.",
            "homepage": "http://leafo.github.io/scssphp/",
            "keywords": [
                "css",
                "less",
                "sass",
                "scss",
                "stylesheet"
            ],
            "time": "2019-04-24T18:10:10+00:00"
        },
        {
            "name": "monolog/monolog",
            "version": "1.x-dev",
            "source": {
                "type": "git",
                "url": "https://github.com/Seldaek/monolog.git",
                "reference": "4d5b7e6ba1127789c7ff59d6f762298eaa29787f"
            },
            "dist": {
                "type": "zip",
                "url": "https://api.github.com/repos/Seldaek/monolog/zipball/4d5b7e6ba1127789c7ff59d6f762298eaa29787f",
                "reference": "4d5b7e6ba1127789c7ff59d6f762298eaa29787f",
                "shasum": ""
            },
            "require": {
                "php": ">=5.3.0",
                "psr/log": "~1.0"
            },
            "provide": {
                "psr/log-implementation": "1.0.0"
            },
            "require-dev": {
                "aws/aws-sdk-php": "^2.4.9 || ^3.0",
                "doctrine/couchdb": "~1.0@dev",
                "graylog2/gelf-php": "~1.0",
                "jakub-onderka/php-parallel-lint": "0.9",
                "php-amqplib/php-amqplib": "~2.4",
                "php-console/php-console": "^3.1.3",
                "phpunit/phpunit": "~4.5",
                "phpunit/phpunit-mock-objects": "2.3.0",
                "ruflin/elastica": ">=0.90 <3.0",
                "sentry/sentry": "^0.13",
                "swiftmailer/swiftmailer": "^5.3|^6.0"
            },
            "suggest": {
                "aws/aws-sdk-php": "Allow sending log messages to AWS services like DynamoDB",
                "doctrine/couchdb": "Allow sending log messages to a CouchDB server",
                "ext-amqp": "Allow sending log messages to an AMQP server (1.0+ required)",
                "ext-mongo": "Allow sending log messages to a MongoDB server",
                "graylog2/gelf-php": "Allow sending log messages to a GrayLog2 server",
                "mongodb/mongodb": "Allow sending log messages to a MongoDB server via PHP Driver",
                "php-amqplib/php-amqplib": "Allow sending log messages to an AMQP server using php-amqplib",
                "php-console/php-console": "Allow sending log messages to Google Chrome",
                "rollbar/rollbar": "Allow sending log messages to Rollbar",
                "ruflin/elastica": "Allow sending log messages to an Elastic Search server",
                "sentry/sentry": "Allow sending log messages to a Sentry server"
            },
            "type": "library",
            "extra": {
                "branch-alias": {
                    "dev-master": "2.0.x-dev"
                }
            },
            "autoload": {
                "psr-4": {
                    "Monolog\\": "src/Monolog"
                }
            },
            "notification-url": "https://packagist.org/downloads/",
            "license": [
                "MIT"
            ],
            "authors": [
                {
                    "name": "Jordi Boggiano",
                    "email": "j.boggiano@seld.be",
                    "homepage": "http://seld.be"
                }
            ],
            "description": "Sends your logs to files, sockets, inboxes, databases and various web services",
            "homepage": "http://github.com/Seldaek/monolog",
            "keywords": [
                "log",
                "logging",
                "psr-3"
            ],
            "time": "2018-12-26T14:24:03+00:00"
        },
        {
            "name": "oyejorge/less.php",
            "version": "1.7.x-dev",
            "source": {
                "type": "git",
                "url": "https://github.com/oyejorge/less.php.git",
                "reference": "8f77f13bbc4d5997c76322523e1fb28376acf080"
            },
            "dist": {
                "type": "zip",
                "url": "https://api.github.com/repos/oyejorge/less.php/zipball/8f77f13bbc4d5997c76322523e1fb28376acf080",
                "reference": "8f77f13bbc4d5997c76322523e1fb28376acf080",
                "shasum": ""
            },
            "require": {
                "php": ">=5.2"
            },
            "bin": [
                "bin/lessc"
            ],
            "type": "library",
            "autoload": {
                "psr-0": {
                    "Less": "lib/"
                },
                "classmap": [
                    "lessc.inc.php"
                ]
            },
            "notification-url": "https://packagist.org/downloads/",
            "license": [
                "Apache-2.0"
            ],
            "authors": [
                {
                    "name": "Matt Agar",
                    "homepage": "https://github.com/agar"
                },
                {
                    "name": "Martin Jantošovič",
                    "homepage": "https://github.com/Mordred"
                },
                {
                    "name": "Josh Schmidt",
                    "homepage": "https://github.com/oyejorge"
                }
            ],
            "description": "PHP port of the Javascript version of LESS http://lesscss.org",
            "homepage": "http://lessphp.gpeasy.com",
            "keywords": [
                "css",
                "less",
                "less.js",
                "lesscss",
                "php",
                "stylesheet"
            ],
            "time": "2014-03-04T18:49:54+00:00"
        },
        {
            "name": "phpmailer/phpmailer",
            "version": "6.0.x-dev",
            "source": {
                "type": "git",
                "url": "https://github.com/PHPMailer/PHPMailer.git",
                "reference": "ea25dc122d22966b7dd4ca1083c63afeeb50dfcd"
            },
            "dist": {
                "type": "zip",
                "url": "https://api.github.com/repos/PHPMailer/PHPMailer/zipball/ea25dc122d22966b7dd4ca1083c63afeeb50dfcd",
                "reference": "ea25dc122d22966b7dd4ca1083c63afeeb50dfcd",
                "shasum": ""
            },
            "require": {
                "ext-ctype": "*",
                "php": ">=5.5.0"
            },
            "require-dev": {
                "doctrine/annotations": "1.2.*",
                "phpdocumentor/phpdocumentor": "2.*",
                "phpunit/phpunit": "4.*",
                "zendframework/zend-eventmanager": "3.0.*",
                "zendframework/zend-i18n": "2.7.3",
                "zendframework/zend-serializer": "2.7.*"
            },
            "suggest": {
                "ext-mbstring": "Needed to send email in multibyte encoding charset",
                "hayageek/oauth2-yahoo": "Needed for Yahoo XOAUTH2 authentication",
                "league/oauth2-google": "Needed for Google XOAUTH2 authentication",
                "psr/log": "For optional PSR-3 debug logging",
                "stevenmaguire/oauth2-microsoft": "Needed for Microsoft XOAUTH2 authentication",
                "symfony/polyfill-mbstring": "To support UTF-8 if the Mbstring PHP extension is not enabled (^1.2)"
            },
            "type": "library",
            "autoload": {
                "psr-4": {
                    "PHPMailer\\PHPMailer\\": "src/"
                }
            },
            "notification-url": "https://packagist.org/downloads/",
            "license": [
                "LGPL-2.1"
            ],
            "authors": [
                {
                    "name": "Jim Jagielski",
                    "email": "jimjag@gmail.com"
                },
                {
                    "name": "Marcus Bointon",
                    "email": "phpmailer@synchromedia.co.uk"
                },
                {
                    "name": "Andy Prevost",
                    "email": "codeworxtech@users.sourceforge.net"
                },
                {
                    "name": "Brent R. Matzelle"
                }
            ],
            "description": "PHPMailer is a full-featured email creation and transfer class for PHP",
            "time": "2017-08-28T11:42:41+00:00"
        },
        {
            "name": "psr/log",
            "version": "dev-master",
            "source": {
                "type": "git",
                "url": "https://github.com/php-fig/log.git",
                "reference": "c4421fcac1edd5a324fda73e589a5cf96e52ffd0"
            },
            "dist": {
                "type": "zip",
                "url": "https://api.github.com/repos/php-fig/log/zipball/c4421fcac1edd5a324fda73e589a5cf96e52ffd0",
                "reference": "c4421fcac1edd5a324fda73e589a5cf96e52ffd0",
                "shasum": ""
            },
            "require": {
                "php": ">=5.3.0"
            },
            "type": "library",
            "extra": {
                "branch-alias": {
                    "dev-master": "1.1.x-dev"
                }
            },
            "autoload": {
                "psr-4": {
                    "Psr\\Log\\": "Psr/Log/"
                }
            },
            "notification-url": "https://packagist.org/downloads/",
            "license": [
                "MIT"
            ],
            "authors": [
                {
                    "name": "PHP-FIG",
                    "homepage": "http://www.php-fig.org/"
                }
            ],
            "description": "Common interface for logging libraries",
            "homepage": "https://github.com/php-fig/log",
            "keywords": [
                "log",
                "psr",
                "psr-3"
            ],
            "time": "2018-11-21T13:42:00+00:00"
        },
        {
            "name": "symfony/http-foundation",
            "version": "4.2.x-dev",
            "source": {
                "type": "git",
                "url": "https://github.com/symfony/http-foundation.git",
                "reference": "b2a81be2df3bf067ebfffeae3ee82508c4ef5f96"
            },
            "dist": {
                "type": "zip",
                "url": "https://api.github.com/repos/symfony/http-foundation/zipball/b2a81be2df3bf067ebfffeae3ee82508c4ef5f96",
                "reference": "b2a81be2df3bf067ebfffeae3ee82508c4ef5f96",
                "shasum": ""
            },
            "require": {
                "php": "^7.1.3",
                "symfony/polyfill-mbstring": "~1.1"
            },
            "require-dev": {
                "predis/predis": "~1.0",
                "symfony/expression-language": "~3.4|~4.0"
            },
            "type": "library",
            "extra": {
                "branch-alias": {
                    "dev-master": "4.2-dev"
                }
            },
            "autoload": {
                "psr-4": {
                    "Symfony\\Component\\HttpFoundation\\": ""
                },
                "exclude-from-classmap": [
                    "/Tests/"
                ]
            },
            "notification-url": "https://packagist.org/downloads/",
            "license": [
                "MIT"
            ],
            "authors": [
                {
                    "name": "Fabien Potencier",
                    "email": "fabien@symfony.com"
                },
                {
                    "name": "Symfony Community",
                    "homepage": "https://symfony.com/contributors"
                }
            ],
            "description": "Symfony HttpFoundation Component",
            "homepage": "https://symfony.com",
            "time": "2019-06-13T10:50:42+00:00"
        },
        {
            "name": "symfony/polyfill-mbstring",
            "version": "dev-master",
            "source": {
                "type": "git",
                "url": "https://github.com/symfony/polyfill-mbstring.git",
                "reference": "fe5e94c604826c35a32fa832f35bd036b6799609"
            },
            "dist": {
                "type": "zip",
                "url": "https://api.github.com/repos/symfony/polyfill-mbstring/zipball/fe5e94c604826c35a32fa832f35bd036b6799609",
                "reference": "fe5e94c604826c35a32fa832f35bd036b6799609",
                "shasum": ""
            },
            "require": {
                "php": ">=5.3.3"
            },
            "suggest": {
                "ext-mbstring": "For best performance"
            },
            "type": "library",
            "extra": {
                "branch-alias": {
                    "dev-master": "1.11-dev"
                }
            },
            "autoload": {
                "psr-4": {
                    "Symfony\\Polyfill\\Mbstring\\": ""
                },
                "files": [
                    "bootstrap.php"
                ]
            },
            "notification-url": "https://packagist.org/downloads/",
            "license": [
                "MIT"
            ],
            "authors": [
                {
                    "name": "Nicolas Grekas",
                    "email": "p@tchwork.com"
                },
                {
                    "name": "Symfony Community",
                    "homepage": "https://symfony.com/contributors"
                }
            ],
            "description": "Symfony polyfill for the Mbstring extension",
            "homepage": "https://symfony.com",
            "keywords": [
                "compatibility",
                "mbstring",
                "polyfill",
                "portable",
                "shim"
            ],
            "time": "2019-02-06T07:57:58+00:00"
        },
        {
            "name": "ttek/tk-database",
            "version": "dev-master",
            "source": {
                "type": "git",
                "url": "https://github.com/tropotek/tk-database.git",
                "reference": "36c83b3c123d1800e8aeda93561f2c0fb85d011b"
            },
            "dist": {
                "type": "zip",
                "url": "https://api.github.com/repos/tropotek/tk-database/zipball/36c83b3c123d1800e8aeda93561f2c0fb85d011b",
                "reference": "36c83b3c123d1800e8aeda93561f2c0fb85d011b",
                "shasum": ""
            },
            "require": {
                "ttek/tk-framework": "~3.0"
            },
            "type": "library",
            "extra": {
                "branch-alias": {
                    "dev-master": "3.0.x-dev"
                }
            },
            "autoload": {
                "psr-0": {
                    "Tk\\": ""
                }
            },
            "notification-url": "https://packagist.org/downloads/",
            "license": [
                "MIT"
            ],
            "authors": [
                {
                    "name": "Michael Mifsud",
                    "email": "info@tropotek.com.au",
                    "homepage": "http://www.tropotek.com/"
                }
            ],
            "description": "The Tropotek Framework database libs",
            "keywords": [
                "Tk",
                "database",
                "tropotek"
            ],
            "time": "2019-06-16T20:02:48+00:00"
        },
        {
            "name": "ttek/tk-domtemplate",
            "version": "dev-master",
            "source": {
                "type": "git",
                "url": "https://github.com/tropotek/tk-domtemplate.git",
                "reference": "8ab726f55250199cc9b5ee62c7a9de6861aec42d"
            },
            "dist": {
                "type": "zip",
                "url": "https://api.github.com/repos/tropotek/tk-domtemplate/zipball/8ab726f55250199cc9b5ee62c7a9de6861aec42d",
                "reference": "8ab726f55250199cc9b5ee62c7a9de6861aec42d",
                "shasum": ""
            },
            "require": {
                "leafo/scssphp": "0.7.*",
                "oyejorge/less.php": "1.7.*",
                "php": ">=7.0.0"
            },
            "type": "library",
            "extra": {
                "branch-alias": {
                    "dev-master": "3.0.x-dev"
                }
            },
            "autoload": {
                "psr-0": {
                    "Dom\\": ""
                }
            },
            "notification-url": "https://packagist.org/downloads/",
            "license": [
                "MIT"
            ],
            "authors": [
                {
                    "name": "Michael Mifsud",
                    "email": "info@tropotek.com.au",
                    "homepage": "http://www.tropotek.com/"
                }
            ],
            "description": "A PHP DOM Template library using XML/HTML files for templates",
            "keywords": [
                "dom",
                "dom-template",
                "tropotek"
            ],
            "time": "2019-06-16T20:01:53+00:00"
        },
        {
            "name": "ttek/tk-form",
            "version": "dev-master",
            "source": {
                "type": "git",
                "url": "https://github.com/tropotek/tk-form.git",
                "reference": "63831fedbd6da07b9170f1daa013537cd6957075"
            },
            "dist": {
                "type": "zip",
                "url": "https://api.github.com/repos/tropotek/tk-form/zipball/63831fedbd6da07b9170f1daa013537cd6957075",
                "reference": "63831fedbd6da07b9170f1daa013537cd6957075",
                "shasum": ""
            },
            "require": {
                "ttek/tk-framework": "~3.0"
            },
            "type": "library",
            "extra": {
                "branch-alias": {
                    "dev-master": "3.0.x-dev"
                }
            },
            "autoload": {
                "psr-0": {
                    "Tk\\": ""
                }
            },
            "notification-url": "https://packagist.org/downloads/",
            "license": [
                "MIT"
            ],
            "authors": [
                {
                    "name": "Michael Mifsud",
                    "email": "info@tropotek.com.au",
                    "homepage": "http://www.tropotek.com/"
                }
            ],
            "description": "Create dynamic forms easily with the Tk framework",
            "keywords": [
                "form",
                "tropotek"
            ],
            "time": "2019-06-16T20:02:22+00:00"
        },
        {
            "name": "ttek/tk-framework",
            "version": "dev-master",
            "source": {
                "type": "git",
                "url": "https://github.com/tropotek/tk-framework.git",
                "reference": "d353e13c84464869d47dff0d75b1b3920321513b"
            },
            "dist": {
                "type": "zip",
                "url": "https://api.github.com/repos/tropotek/tk-framework/zipball/d353e13c84464869d47dff0d75b1b3920321513b",
                "reference": "d353e13c84464869d47dff0d75b1b3920321513b",
                "shasum": ""
            },
            "require": {
                "monolog/monolog": "^1.0",
                "psr/log": "^1.0",
                "symfony/http-foundation": "4.2.*",
                "ttek/tk-installers": "~3.0"
            },
            "type": "library",
            "extra": {
                "branch-alias": {
                    "dev-master": "3.0.x-dev"
                }
            },
            "autoload": {
                "psr-0": {
                    "Tk\\": ""
                },
                "files": [
                    "Tk/Exception.php",
                    "functions/varDump.php"
                ],
                "exclude-from-classmap": [
                    "/tests/"
                ]
            },
            "notification-url": "https://packagist.org/downloads/",
            "license": [
                "MIT"
            ],
            "authors": [
                {
                    "name": "Michael Mifsud",
                    "email": "info@tropotek.com",
                    "homepage": "http://www.tropotek.com/"
                }
            ],
            "description": "Tropotek Framework",
            "keywords": [
                "Tk",
                "framework",
                "tropotek"
            ],
            "time": "2019-06-17T01:23:47+00:00"
        },
        {
            "name": "ttek/tk-installers",
            "version": "dev-master",
            "source": {
                "type": "git",
                "url": "https://github.com/tropotek/tk-installers.git",
                "reference": "4f5ba159d9ad77c51a4507264d4e05ad9f2e2118"
            },
            "dist": {
                "type": "zip",
                "url": "https://api.github.com/repos/tropotek/tk-installers/zipball/4f5ba159d9ad77c51a4507264d4e05ad9f2e2118",
                "reference": "4f5ba159d9ad77c51a4507264d4e05ad9f2e2118",
                "shasum": ""
            },
            "require": {
                "composer-plugin-api": "^1.1"
            },
            "type": "composer-plugin",
            "extra": {
                "class": [
                    "Tk\\Installer\\AssetPlugin",
                    "Tk\\Installer\\ThemePlugin",
                    "Tk\\Installer\\PluginPlugin"
                ],
                "branch-alias": {
                    "dev-master": "3.0.x-dev"
                }
            },
            "autoload": {
                "psr-0": {
                    "Tk\\": ""
                }
            },
            "notification-url": "https://packagist.org/downloads/",
            "license": [
                "MIT"
            ],
            "authors": [
                {
                    "name": "Michael Mifsud",
                    "email": "info@tropotek.com.au",
                    "homepage": "http://www.tropotek.com/"
                }
            ],
            "description": "Tropotek installer plugins",
            "keywords": [
                "installers",
                "tools",
                "tropotek"
            ],
            "time": "2019-06-05T01:06:49+00:00"
        },
        {
            "name": "ttek/tk-mail",
            "version": "dev-master",
            "source": {
                "type": "git",
                "url": "https://github.com/tropotek/tk-mail.git",
                "reference": "e213246bfbd6e40325341a4359adae724b7221bb"
            },
            "dist": {
                "type": "zip",
                "url": "https://api.github.com/repos/tropotek/tk-mail/zipball/e213246bfbd6e40325341a4359adae724b7221bb",
                "reference": "e213246bfbd6e40325341a4359adae724b7221bb",
                "shasum": ""
            },
            "require": {
                "phpmailer/phpmailer": "~6.0",
                "ttek/tk-framework": "~3.0"
            },
            "type": "library",
            "extra": {
                "branch-alias": {
                    "dev-master": "3.0.x-dev"
                }
            },
            "autoload": {
                "psr-0": {
                    "Tk": ""
                }
            },
            "notification-url": "https://packagist.org/downloads/",
            "license": [
                "MIT"
            ],
            "authors": [
                {
                    "name": "Michael Mifsud",
                    "email": "info@tropotek.com.au",
                    "homepage": "http://www.tropotek.com/"
                }
            ],
            "description": "A mail lib using PHPMailer for the tk libs",
            "keywords": [
                "table",
                "tropotek"
            ],
            "time": "2019-05-28T23:58:29+00:00"
        },
        {
            "name": "ttek/tk-table",
            "version": "dev-master",
            "source": {
                "type": "git",
                "url": "https://github.com/tropotek/tk-table.git",
                "reference": "da0948a8120bd40c3090affb1a7e8a993b9767a6"
            },
            "dist": {
                "type": "zip",
                "url": "https://api.github.com/repos/tropotek/tk-table/zipball/da0948a8120bd40c3090affb1a7e8a993b9767a6",
                "reference": "da0948a8120bd40c3090affb1a7e8a993b9767a6",
                "shasum": ""
            },
            "require": {
                "ttek/tk-framework": "~3.0"
            },
            "type": "library",
            "extra": {
                "branch-alias": {
                    "dev-master": "3.0.x-dev"
                }
            },
            "autoload": {
                "psr-0": {
                    "Tk": ""
                }
            },
            "notification-url": "https://packagist.org/downloads/",
            "license": [
                "MIT"
            ],
            "authors": [
                {
                    "name": "Michael Mifsud",
                    "email": "info@tropotek.com.au",
                    "homepage": "http://www.tropotek.com/"
                }
            ],
            "description": "A dynamic table lib to manage table rendering",
            "keywords": [
                "table",
                "tropotek"
            ],
            "time": "2019-06-16T20:01:40+00:00"
        }
    ],
    "packages-dev": [],
    "aliases": [],
    "minimum-stability": "dev",
    "stability-flags": [],
    "prefer-stable": false,
    "prefer-lowest": false,
    "platform": {
        "php": "^7.2.0"
    },
    "platform-dev": []
}
