{
    "_readme": [
        "This file locks the dependencies of your project to a known state",
        "Read more about it at https://getcomposer.org/doc/01-basic-usage.md#installing-dependencies",
        "This file is @generated automatically"
    ],
    "content-hash": "558c29ad58cb78f5f754b18c0434ba16",
    "packages": [
        {
            "name": "monolog/monolog",
            "version": "1.x-dev",
            "source": {
                "type": "git",
                "url": "https://github.com/Seldaek/monolog.git",
                "reference": "c6b00f05152ae2c9b04a448f99c7590beb6042f5"
            },
            "dist": {
                "type": "zip",
                "url": "https://api.github.com/repos/Seldaek/monolog/zipball/c6b00f05152ae2c9b04a448f99c7590beb6042f5",
                "reference": "c6b00f05152ae2c9b04a448f99c7590beb6042f5",
                "shasum": ""
            },
            "require": {
                "php": ">=5.3.0",
                "psr/log": "~1.0"
            },
            "provide": {
                "psr/log-implementation": "1.0.0"
            },
            "require-dev": {
                "aws/aws-sdk-php": "^2.4.9 || ^3.0",
                "doctrine/couchdb": "~1.0@dev",
                "graylog2/gelf-php": "~1.0",
                "php-amqplib/php-amqplib": "~2.4",
                "php-console/php-console": "^3.1.3",
                "phpstan/phpstan": "^0.12.59",
                "phpunit/phpunit": "~4.5",
                "ruflin/elastica": ">=0.90 <3.0",
                "sentry/sentry": "^0.13",
                "swiftmailer/swiftmailer": "^5.3|^6.0"
            },
            "suggest": {
                "aws/aws-sdk-php": "Allow sending log messages to AWS services like DynamoDB",
                "doctrine/couchdb": "Allow sending log messages to a CouchDB server",
                "ext-amqp": "Allow sending log messages to an AMQP server (1.0+ required)",
                "ext-mongo": "Allow sending log messages to a MongoDB server",
                "graylog2/gelf-php": "Allow sending log messages to a GrayLog2 server",
                "mongodb/mongodb": "Allow sending log messages to a MongoDB server via PHP Driver",
                "php-amqplib/php-amqplib": "Allow sending log messages to an AMQP server using php-amqplib",
                "php-console/php-console": "Allow sending log messages to Google Chrome",
                "rollbar/rollbar": "Allow sending log messages to Rollbar",
                "ruflin/elastica": "Allow sending log messages to an Elastic Search server",
                "sentry/sentry": "Allow sending log messages to a Sentry server"
            },
            "type": "library",
            "autoload": {
                "psr-4": {
                    "Monolog\\": "src/Monolog"
                }
            },
            "notification-url": "https://packagist.org/downloads/",
            "license": [
                "MIT"
            ],
            "authors": [
                {
                    "name": "Jordi Boggiano",
                    "email": "j.boggiano@seld.be",
                    "homepage": "http://seld.be"
                }
            ],
            "description": "Sends your logs to files, sockets, inboxes, databases and various web services",
            "homepage": "http://github.com/Seldaek/monolog",
            "keywords": [
                "log",
                "logging",
                "psr-3"
            ],
            "support": {
                "issues": "https://github.com/Seldaek/monolog/issues",
                "source": "https://github.com/Seldaek/monolog/tree/1.26.1"
            },
            "funding": [
                {
                    "url": "https://github.com/Seldaek",
                    "type": "github"
                },
                {
                    "url": "https://tidelift.com/funding/github/packagist/monolog/monolog",
                    "type": "tidelift"
                }
            ],
            "time": "2021-05-28T08:32:12+00:00"
        },
        {
            "name": "phpmailer/phpmailer",
            "version": "v6.5.1",
            "source": {
                "type": "git",
                "url": "https://github.com/PHPMailer/PHPMailer.git",
                "reference": "dd803df5ad7492e1b40637f7ebd258fee5ca7355"
            },
            "dist": {
                "type": "zip",
                "url": "https://api.github.com/repos/PHPMailer/PHPMailer/zipball/dd803df5ad7492e1b40637f7ebd258fee5ca7355",
                "reference": "dd803df5ad7492e1b40637f7ebd258fee5ca7355",
                "shasum": ""
            },
            "require": {
                "ext-ctype": "*",
                "ext-filter": "*",
                "ext-hash": "*",
                "php": ">=5.5.0"
            },
            "require-dev": {
                "dealerdirect/phpcodesniffer-composer-installer": "^0.7.0",
                "doctrine/annotations": "^1.2",
                "php-parallel-lint/php-console-highlighter": "^0.5.0",
                "php-parallel-lint/php-parallel-lint": "^1.3",
                "phpcompatibility/php-compatibility": "^9.3.5",
                "roave/security-advisories": "dev-latest",
                "squizlabs/php_codesniffer": "^3.6.0",
                "yoast/phpunit-polyfills": "^1.0.0"
            },
            "suggest": {
                "ext-mbstring": "Needed to send email in multibyte encoding charset or decode encoded addresses",
                "hayageek/oauth2-yahoo": "Needed for Yahoo XOAUTH2 authentication",
                "league/oauth2-google": "Needed for Google XOAUTH2 authentication",
                "psr/log": "For optional PSR-3 debug logging",
                "stevenmaguire/oauth2-microsoft": "Needed for Microsoft XOAUTH2 authentication",
                "symfony/polyfill-mbstring": "To support UTF-8 if the Mbstring PHP extension is not enabled (^1.2)"
            },
            "type": "library",
            "autoload": {
                "psr-4": {
                    "PHPMailer\\PHPMailer\\": "src/"
                }
            },
            "notification-url": "https://packagist.org/downloads/",
            "license": [
                "LGPL-2.1-only"
            ],
            "authors": [
                {
                    "name": "Marcus Bointon",
                    "email": "phpmailer@synchromedia.co.uk"
                },
                {
                    "name": "Jim Jagielski",
                    "email": "jimjag@gmail.com"
                },
                {
                    "name": "Andy Prevost",
                    "email": "codeworxtech@users.sourceforge.net"
                },
                {
                    "name": "Brent R. Matzelle"
                }
            ],
            "description": "PHPMailer is a full-featured email creation and transfer class for PHP",
            "support": {
                "issues": "https://github.com/PHPMailer/PHPMailer/issues",
                "source": "https://github.com/PHPMailer/PHPMailer/tree/v6.5.1"
            },
            "funding": [
                {
                    "url": "https://github.com/Synchro",
                    "type": "github"
                }
            ],
            "time": "2021-08-18T09:14:16+00:00"
        },
        {
            "name": "psr/log",
            "version": "1.1.4",
            "source": {
                "type": "git",
                "url": "https://github.com/php-fig/log.git",
                "reference": "d49695b909c3b7628b6289db5479a1c204601f11"
            },
            "dist": {
                "type": "zip",
                "url": "https://api.github.com/repos/php-fig/log/zipball/d49695b909c3b7628b6289db5479a1c204601f11",
                "reference": "d49695b909c3b7628b6289db5479a1c204601f11",
                "shasum": ""
            },
            "require": {
                "php": ">=5.3.0"
            },
            "type": "library",
            "extra": {
                "branch-alias": {
                    "dev-master": "1.1.x-dev"
                }
            },
            "autoload": {
                "psr-4": {
                    "Psr\\Log\\": "Psr/Log/"
                }
            },
            "notification-url": "https://packagist.org/downloads/",
            "license": [
                "MIT"
            ],
            "authors": [
                {
                    "name": "PHP-FIG",
                    "homepage": "https://www.php-fig.org/"
                }
            ],
            "description": "Common interface for logging libraries",
            "homepage": "https://github.com/php-fig/log",
            "keywords": [
                "log",
                "psr",
                "psr-3"
            ],
            "support": {
                "source": "https://github.com/php-fig/log/tree/1.1.4"
            },
            "time": "2021-05-03T11:20:27+00:00"
        },
        {
            "name": "scssphp/scssphp",
            "version": "1.0.9",
            "source": {
                "type": "git",
                "url": "https://github.com/scssphp/scssphp.git",
                "reference": "c6626eebae7b123321d5ea803998487d835c260d"
            },
            "dist": {
                "type": "zip",
                "url": "https://api.github.com/repos/scssphp/scssphp/zipball/c6626eebae7b123321d5ea803998487d835c260d",
                "reference": "c6626eebae7b123321d5ea803998487d835c260d",
                "shasum": ""
            },
            "require": {
                "ext-ctype": "*",
                "ext-json": "*",
                "php": ">=5.6.0"
            },
            "require-dev": {
                "phpunit/phpunit": "^5.7 || ^6.5 || ^7.5 || ^8.3",
                "squizlabs/php_codesniffer": "~2.5",
                "twbs/bootstrap": "~4.3",
                "zurb/foundation": "~6.5"
            },
            "bin": [
                "bin/pscss"
            ],
            "type": "library",
            "autoload": {
                "psr-4": {
                    "ScssPhp\\ScssPhp\\": "src/"
                }
            },
            "notification-url": "https://packagist.org/downloads/",
            "license": [
                "MIT"
            ],
            "authors": [
                {
                    "name": "Anthon Pang",
                    "email": "apang@softwaredevelopment.ca",
                    "homepage": "https://github.com/robocoder"
                },
                {
                    "name": "Cédric Morin",
                    "email": "cedric@yterium.com",
                    "homepage": "https://github.com/Cerdic"
                }
            ],
            "description": "scssphp is a compiler for SCSS written in PHP.",
            "homepage": "http://scssphp.github.io/scssphp/",
            "keywords": [
                "css",
                "less",
                "sass",
                "scss",
                "stylesheet"
            ],
            "support": {
                "issues": "https://github.com/scssphp/scssphp/issues",
                "source": "https://github.com/scssphp/scssphp/tree/1.0.9"
            },
            "time": "2020-04-01T15:23:18+00:00"
        },
        {
            "name": "symfony/http-foundation",
            "version": "4.2.x-dev",
            "source": {
                "type": "git",
                "url": "https://github.com/symfony/http-foundation.git",
                "reference": "2ae778ff4a1f8baba7724db1ca977ada3b796749"
            },
            "dist": {
                "type": "zip",
                "url": "https://api.github.com/repos/symfony/http-foundation/zipball/2ae778ff4a1f8baba7724db1ca977ada3b796749",
                "reference": "2ae778ff4a1f8baba7724db1ca977ada3b796749",
                "shasum": ""
            },
            "require": {
                "php": "^7.1.3",
                "symfony/polyfill-mbstring": "~1.1"
            },
            "require-dev": {
                "predis/predis": "~1.0",
                "symfony/expression-language": "~3.4|~4.0"
            },
            "type": "library",
            "extra": {
                "branch-alias": {
                    "dev-master": "4.2-dev"
                }
            },
            "autoload": {
                "psr-4": {
                    "Symfony\\Component\\HttpFoundation\\": ""
                },
                "exclude-from-classmap": [
                    "/Tests/"
                ]
            },
            "notification-url": "https://packagist.org/downloads/",
            "license": [
                "MIT"
            ],
            "authors": [
                {
                    "name": "Fabien Potencier",
                    "email": "fabien@symfony.com"
                },
                {
                    "name": "Symfony Community",
                    "homepage": "https://symfony.com/contributors"
                }
            ],
            "description": "Symfony HttpFoundation Component",
            "homepage": "https://symfony.com",
            "support": {
                "source": "https://github.com/symfony/http-foundation/tree/4.2"
            },
            "time": "2019-11-11T12:54:47+00:00"
        },
        {
            "name": "symfony/polyfill-mbstring",
            "version": "dev-main",
            "source": {
                "type": "git",
                "url": "https://github.com/symfony/polyfill-mbstring.git",
                "reference": "344e456152e22a1bce3048c6c311059ea14bde47"
            },
            "dist": {
                "type": "zip",
                "url": "https://api.github.com/repos/symfony/polyfill-mbstring/zipball/344e456152e22a1bce3048c6c311059ea14bde47",
                "reference": "344e456152e22a1bce3048c6c311059ea14bde47",
                "shasum": ""
            },
            "require": {
                "php": ">=7.1"
            },
            "suggest": {
                "ext-mbstring": "For best performance"
            },
            "default-branch": true,
            "type": "library",
            "extra": {
                "branch-alias": {
                    "dev-main": "1.23-dev"
                },
                "thanks": {
                    "name": "symfony/polyfill",
                    "url": "https://github.com/symfony/polyfill"
                }
            },
            "autoload": {
                "psr-4": {
                    "Symfony\\Polyfill\\Mbstring\\": ""
                },
                "files": [
                    "bootstrap.php"
                ]
            },
            "notification-url": "https://packagist.org/downloads/",
            "license": [
                "MIT"
            ],
            "authors": [
                {
                    "name": "Nicolas Grekas",
                    "email": "p@tchwork.com"
                },
                {
                    "name": "Symfony Community",
                    "homepage": "https://symfony.com/contributors"
                }
            ],
            "description": "Symfony polyfill for the Mbstring extension",
            "homepage": "https://symfony.com",
            "keywords": [
                "compatibility",
                "mbstring",
                "polyfill",
                "portable",
                "shim"
            ],
            "support": {
                "source": "https://github.com/symfony/polyfill-mbstring/tree/main"
            },
            "funding": [
                {
                    "url": "https://symfony.com/sponsor",
                    "type": "custom"
                },
                {
                    "url": "https://github.com/fabpot",
                    "type": "github"
                },
                {
                    "url": "https://tidelift.com/funding/github/packagist/symfony/symfony",
                    "type": "tidelift"
                }
            ],
            "time": "2021-09-13T13:54:24+00:00"
        },
        {
            "name": "ttek/tk-database",
            "version": "3.2.x-dev",
            "source": {
                "type": "git",
                "url": "https://github.com/tropotek/tk-database.git",
                "reference": "2e67f03451675696b27d7529eadfa0fd5867bc03"
            },
            "dist": {
                "type": "zip",
                "url": "https://api.github.com/repos/tropotek/tk-database/zipball/2e67f03451675696b27d7529eadfa0fd5867bc03",
                "reference": "2e67f03451675696b27d7529eadfa0fd5867bc03",
                "shasum": ""
            },
            "require": {
                "ext-pdo": "*",
                "ttek/tk-framework": "~3.0.0"
            },
            "type": "library",
            "extra": {
                "branch-alias": {
                    "dev-master": "3.2.x-dev"
                }
            },
            "autoload": {
                "psr-0": {
                    "Tk\\": ""
                }
            },
            "notification-url": "https://packagist.org/downloads/",
            "license": [
                "MIT"
            ],
            "authors": [
                {
                    "name": "Michael Mifsud",
                    "email": "info@tropotek.com.au",
                    "homepage": "http://www.tropotek.com/"
                }
            ],
            "description": "The Tropotek Framework database libs",
            "keywords": [
                "Tk",
                "database",
                "tropotek"
            ],
            "support": {
                "issues": "https://github.com/tropotek/tk-database/issues",
                "source": "https://github.com/tropotek/tk-database/tree/3.2"
            },
            "funding": [
                {
                    "url": "https://www.paypal.me/tropotek",
                    "type": "Paypal"
                }
            ],
            "time": "2019-04-09T00:00:00+00:00"
        },
        {
            "name": "ttek/tk-domtemplate",
            "version": "3.0.x-dev",
            "source": {
                "type": "git",
                "url": "https://github.com/tropotek/tk-domtemplate.git",
                "reference": "8c16281f6113451f813ee399f6eaa9d34809d1d4"
            },
            "dist": {
                "type": "zip",
                "url": "https://api.github.com/repos/tropotek/tk-domtemplate/zipball/8c16281f6113451f813ee399f6eaa9d34809d1d4",
                "reference": "8c16281f6113451f813ee399f6eaa9d34809d1d4",
                "shasum": ""
            },
            "require": {
                "ext-dom": "*",
                "ext-tidy": "*",
                "php": ">=7.1.0",
                "scssphp/scssphp": "1.0.*",
                "wikimedia/less.php": "1.7.*"
            },
            "type": "library",
            "extra": {
                "branch-alias": {
                    "dev-master": "3.0.x-dev"
                }
            },
            "autoload": {
                "psr-0": {
                    "Dom\\": ""
                }
            },
            "notification-url": "https://packagist.org/downloads/",
            "license": [
                "MIT"
            ],
            "authors": [
                {
                    "name": "Michael Mifsud",
                    "email": "info@tropotek.com.au",
                    "homepage": "http://www.tropotek.com/"
                }
            ],
            "description": "A PHP DOM Template library using XML/HTML files for templates",
            "keywords": [
                "dom",
                "dom-template",
                "tropotek"
            ],
            "support": {
                "issues": "https://github.com/tropotek/tk-domtemplate/issues",
                "source": "https://github.com/tropotek/tk-domtemplate/tree/3.0"
            },
            "funding": [
                {
                    "url": "https://www.paypal.me/tropotek",
                    "type": "Paypal"
                }
            ],
            "time": "2019-04-09T00:00:00+00:00"
        },
        {
            "name": "ttek/tk-form",
            "version": "3.0.x-dev",
            "source": {
                "type": "git",
                "url": "https://github.com/tropotek/tk-form.git",
                "reference": "a0d053fe78f91fb921868b42158b577e076e19c8"
            },
            "dist": {
                "type": "zip",
                "url": "https://api.github.com/repos/tropotek/tk-form/zipball/a0d053fe78f91fb921868b42158b577e076e19c8",
                "reference": "a0d053fe78f91fb921868b42158b577e076e19c8",
                "shasum": ""
            },
            "require": {
                "ttek/tk-framework": "~3.0.0",
                "ttek/tk-ui": "~3.0.0"
            },
            "type": "library",
            "extra": {
                "branch-alias": {
                    "dev-master": "3.0.x-dev"
                }
            },
            "autoload": {
                "psr-0": {
                    "Tk\\": ""
                }
            },
            "notification-url": "https://packagist.org/downloads/",
            "license": [
                "MIT"
            ],
            "authors": [
                {
                    "name": "Michael Mifsud",
                    "email": "info@tropotek.com.au",
                    "homepage": "http://www.tropotek.com/"
                }
            ],
            "description": "Create dynamic forms easily with the Tk framework",
            "keywords": [
                "form",
                "tropotek"
            ],
            "support": {
                "issues": "https://github.com/tropotek/tk-form/issues",
                "source": "https://github.com/tropotek/tk-form/tree/3.0"
            },
            "funding": [
                {
                    "url": "https://www.paypal.me/tropotek",
                    "type": "Paypal"
                }
            ],
            "time": "2019-04-09T00:00:00+00:00"
        },
        {
            "name": "ttek/tk-framework",
            "version": "3.0.x-dev",
            "source": {
                "type": "git",
                "url": "https://github.com/tropotek/tk-framework.git",
                "reference": "e45e501af36249b6155109376195f9e6a1cad058"
            },
            "dist": {
                "type": "zip",
                "url": "https://api.github.com/repos/tropotek/tk-framework/zipball/e45e501af36249b6155109376195f9e6a1cad058",
                "reference": "e45e501af36249b6155109376195f9e6a1cad058",
                "shasum": ""
            },
            "require": {
                "ext-json": "*",
                "monolog/monolog": "^1.0",
                "php": "^7.3.0",
                "psr/log": "^1.0",
                "symfony/http-foundation": "4.2.*",
                "ttek/tk-installers": "~3.0.0"
            },
            "type": "library",
            "extra": {
                "branch-alias": {
                    "dev-master": "3.0.x-dev"
                }
            },
            "autoload": {
                "psr-0": {
                    "Tk\\": ""
                },
                "files": [
                    "Tk/Exception.php",
                    "functions/varDump.php"
                ],
                "exclude-from-classmap": [
                    "/tests/"
                ]
            },
            "notification-url": "https://packagist.org/downloads/",
            "license": [
                "MIT"
            ],
            "authors": [
                {
                    "name": "Michael Mifsud",
                    "email": "info@tropotek.com",
                    "homepage": "http://www.tropotek.com/"
                }
            ],
            "description": "Tropotek Framework",
            "keywords": [
                "Tk",
                "framework",
                "tropotek"
            ],
            "support": {
                "issues": "https://github.com/tropotek/tk-framework/issues",
                "source": "https://github.com/tropotek/tk-framework/tree/3.0"
            },
            "funding": [
                {
                    "url": "https://www.paypal.me/tropotek",
                    "type": "Paypal"
                }
            ],
            "time": "2019-04-09T00:00:00+00:00"
        },
        {
            "name": "ttek/tk-installers",
            "version": "3.0.x-dev",
            "source": {
                "type": "git",
                "url": "https://github.com/tropotek/tk-installers.git",
                "reference": "795354fbc1e2c87fcba4c67eae5e276799f10708"
            },
            "dist": {
                "type": "zip",
                "url": "https://api.github.com/repos/tropotek/tk-installers/zipball/795354fbc1e2c87fcba4c67eae5e276799f10708",
                "reference": "795354fbc1e2c87fcba4c67eae5e276799f10708",
                "shasum": ""
            },
            "require": {
                "composer-plugin-api": "^2.0"
            },
            "type": "composer-plugin",
            "extra": {
                "class": [
                    "Tk\\Installer\\AssetPlugin",
                    "Tk\\Installer\\ThemePlugin",
                    "Tk\\Installer\\PluginPlugin"
                ],
                "branch-alias": {
                    "dev-master": "3.0.x-dev"
                }
            },
            "autoload": {
                "psr-0": {
                    "Tk\\": ""
                }
            },
            "notification-url": "https://packagist.org/downloads/",
            "license": [
                "MIT"
            ],
            "authors": [
                {
                    "name": "Michael Mifsud",
                    "email": "info@tropotek.com.au",
                    "homepage": "http://www.tropotek.com/"
                }
            ],
            "description": "Tropotek installer plugins",
            "keywords": [
                "installers",
                "tools",
                "tropotek"
            ],
            "support": {
                "issues": "https://github.com/tropotek/tk-installers/issues",
                "source": "https://github.com/tropotek/tk-installers/tree/3.0"
            },
            "funding": [
                {
                    "url": "https://www.paypal.me/tropotek",
                    "type": "Paypal"
                }
            ],
            "time": "2019-04-09T00:00:00+00:00"
        },
        {
            "name": "ttek/tk-mail",
            "version": "3.0.x-dev",
            "source": {
                "type": "git",
                "url": "https://github.com/tropotek/tk-mail.git",
                "reference": "d73f9add4cf94915b57e0245a979eda9cc5ae5e5"
            },
            "dist": {
                "type": "zip",
                "url": "https://api.github.com/repos/tropotek/tk-mail/zipball/d73f9add4cf94915b57e0245a979eda9cc5ae5e5",
                "reference": "d73f9add4cf94915b57e0245a979eda9cc5ae5e5",
                "shasum": ""
            },
            "require": {
                "phpmailer/phpmailer": "~6.0",
                "ttek/tk-framework": "~3.0.0"
            },
            "type": "library",
            "extra": {
                "branch-alias": {
                    "dev-master": "3.0.x-dev"
                }
            },
            "autoload": {
                "psr-0": {
                    "Tk": ""
                }
            },
            "notification-url": "https://packagist.org/downloads/",
            "license": [
                "MIT"
            ],
            "authors": [
                {
                    "name": "Michael Mifsud",
                    "email": "info@tropotek.com.au",
                    "homepage": "http://www.tropotek.com/"
                }
            ],
            "description": "A mail lib using PHPMailer for the tk libs",
            "keywords": [
                "table",
                "tropotek"
            ],
            "support": {
                "issues": "https://github.com/tropotek/tk-mail/issues",
                "source": "https://github.com/tropotek/tk-mail/tree/3.0"
            },
            "funding": [
                {
                    "url": "https://www.paypal.me/tropotek",
                    "type": "Paypal"
                }
            ],
            "time": "2019-04-09T00:00:00+00:00"
        },
        {
            "name": "ttek/tk-table",
            "version": "3.0.x-dev",
            "source": {
                "type": "git",
                "url": "https://github.com/tropotek/tk-table.git",
                "reference": "cd866160b0b7e6486ebcd70503e090f7d958d366"
            },
            "dist": {
                "type": "zip",
                "url": "https://api.github.com/repos/tropotek/tk-table/zipball/cd866160b0b7e6486ebcd70503e090f7d958d366",
                "reference": "cd866160b0b7e6486ebcd70503e090f7d958d366",
                "shasum": ""
            },
            "require": {
                "ttek/tk-framework": "~3.0.0"
            },
            "type": "library",
            "extra": {
                "branch-alias": {
                    "dev-master": "3.0.x-dev"
                }
            },
            "autoload": {
                "psr-0": {
                    "Tk": ""
                }
            },
            "notification-url": "https://packagist.org/downloads/",
            "license": [
                "MIT"
            ],
            "authors": [
                {
                    "name": "Michael Mifsud",
                    "email": "info@tropotek.com.au",
                    "homepage": "http://www.tropotek.com/"
                }
            ],
            "description": "A dynamic table lib to manage table rendering",
            "keywords": [
                "table",
                "tropotek"
            ],
            "support": {
                "issues": "https://github.com/tropotek/tk-table/issues",
                "source": "https://github.com/tropotek/tk-table/tree/3.0"
            },
            "funding": [
                {
                    "url": "https://www.paypal.me/tropotek",
                    "type": "Paypal"
                }
            ],
            "time": "2020-11-12T00:00:00+00:00"
        },
        {
            "name": "ttek/tk-ui",
            "version": "3.0.x-dev",
            "source": {
                "type": "git",
                "url": "https://github.com/tropotek/tk-ui.git",
                "reference": "810800c22587e4063cc8b39f57f067958b6b8a3f"
            },
            "dist": {
                "type": "zip",
                "url": "https://api.github.com/repos/tropotek/tk-ui/zipball/810800c22587e4063cc8b39f57f067958b6b8a3f",
                "reference": "810800c22587e4063cc8b39f57f067958b6b8a3f",
                "shasum": ""
            },
            "require": {
                "ttek/tk-framework": "~3.0.0"
            },
            "type": "library",
            "extra": {
                "branch-alias": {
                    "dev-master": "3.0.x-dev"
                }
            },
            "autoload": {
                "psr-0": {
                    "Tk\\": ""
                }
            },
            "notification-url": "https://packagist.org/downloads/",
            "license": [
                "MIT"
            ],
            "authors": [
                {
                    "name": "Michael Mifsud",
                    "email": "info@tropotek.com.au",
                    "homepage": "http://www.tropotek.com/"
                }
            ],
            "description": "A bootstrap based UI lib for the Tk-lib framework",
            "keywords": [
                "bootstrap",
                "tropotek",
                "ui"
            ],
            "support": {
                "issues": "https://github.com/tropotek/tk-ui/issues",
                "source": "https://github.com/tropotek/tk-ui/tree/3.0"
            },
            "funding": [
                {
                    "url": "https://www.paypal.me/tropotek",
                    "type": "Paypal"
                }
            ],
            "time": "2019-04-09T00:00:00+00:00"
        },
        {
            "name": "wikimedia/less.php",
            "version": "v1.7.0.14",
            "source": {
                "type": "git",
                "url": "https://github.com/wikimedia/less.php.git",
                "reference": "42925c5a01a07d67ca7e82dfc8fb31814d557bc9"
            },
            "dist": {
                "type": "zip",
                "url": "https://api.github.com/repos/wikimedia/less.php/zipball/42925c5a01a07d67ca7e82dfc8fb31814d557bc9",
                "reference": "42925c5a01a07d67ca7e82dfc8fb31814d557bc9",
                "shasum": ""
            },
            "require": {
                "php": ">=5.3"
            },
            "require-dev": {
                "phpunit/phpunit": "~4.8.24"
            },
            "bin": [
                "bin/lessc"
            ],
            "type": "library",
            "autoload": {
                "psr-0": {
                    "Less": "lib/"
                },
                "classmap": [
                    "lessc.inc.php"
                ]
            },
            "notification-url": "https://packagist.org/downloads/",
            "license": [
                "Apache-2.0"
            ],
            "authors": [
                {
                    "name": "Matt Agar",
                    "homepage": "https://github.com/agar"
                },
                {
                    "name": "Martin Jantošovič",
                    "homepage": "https://github.com/Mordred"
                },
                {
                    "name": "Josh Schmidt",
                    "homepage": "https://github.com/oyejorge"
                }
            ],
            "description": "PHP port of the Javascript version of LESS http://lesscss.org (Originally maintained by Josh Schmidt)",
            "homepage": "http://lessphp.gpeasy.com",
            "keywords": [
                "css",
                "less",
                "less.js",
                "lesscss",
                "php",
                "stylesheet"
            ],
            "support": {
                "source": "https://github.com/wikimedia/less.php/tree/v1.7.0.14"
            },
            "time": "2017-03-28T22:19:25+00:00"
        }
    ],
    "packages-dev": [],
    "aliases": [],
    "minimum-stability": "dev",
    "stability-flags": [],
    "prefer-stable": false,
    "prefer-lowest": false,
    "platform": {
        "php": "^7.3.0"
    },
    "platform-dev": [],
    "plugin-api-version": "2.0.0"
}
