{
    "_readme": [
        "This file locks the dependencies of your project to a known state",
        "Read more about it at https://getcomposer.org/doc/01-basic-usage.md#installing-dependencies",
        "This file is @generated automatically"
    ],
    "content-hash": "271f6ce875698b3368c685573af3c134",
    "packages": [
        {
            "name": "leafo/scssphp",
            "version": "v0.7.7",
            "source": {
                "type": "git",
                "url": "https://github.com/leafo/scssphp.git",
                "reference": "1d656f8c02a3a69404bba6b28ec4e06edddf0f49"
            },
            "dist": {
                "type": "zip",
                "url": "https://api.github.com/repos/leafo/scssphp/zipball/1d656f8c02a3a69404bba6b28ec4e06edddf0f49",
                "reference": "1d656f8c02a3a69404bba6b28ec4e06edddf0f49",
                "shasum": ""
            },
            "require": {
                "php": ">=5.4.0"
            },
            "require-dev": {
                "phpunit/phpunit": "~4.6",
                "squizlabs/php_codesniffer": "~2.5"
            },
            "bin": [
                "bin/pscss"
            ],
            "type": "library",
            "autoload": {
                "psr-4": {
                    "Leafo\\ScssPhp\\": "src/"
                }
            },
            "notification-url": "https://packagist.org/downloads/",
            "license": [
                "MIT"
            ],
            "authors": [
                {
                    "name": "Leaf Corcoran",
                    "email": "leafot@gmail.com",
                    "homepage": "http://leafo.net"
                }
            ],
            "description": "scssphp is a compiler for SCSS written in PHP.",
            "homepage": "http://leafo.github.io/scssphp/",
            "keywords": [
                "css",
                "less",
                "sass",
                "scss",
                "stylesheet"
            ],
            "time": "2018-07-22T01:22:08+00:00"
        },
        {
            "name": "monolog/monolog",
            "version": "1.x-dev",
            "source": {
                "type": "git",
                "url": "https://github.com/Seldaek/monolog.git",
                "reference": "4d5b7e6ba1127789c7ff59d6f762298eaa29787f"
            },
            "dist": {
                "type": "zip",
                "url": "https://api.github.com/repos/Seldaek/monolog/zipball/4d5b7e6ba1127789c7ff59d6f762298eaa29787f",
                "reference": "4d5b7e6ba1127789c7ff59d6f762298eaa29787f",
                "shasum": ""
            },
            "require": {
                "php": ">=5.3.0",
                "psr/log": "~1.0"
            },
            "provide": {
                "psr/log-implementation": "1.0.0"
            },
            "require-dev": {
                "aws/aws-sdk-php": "^2.4.9 || ^3.0",
                "doctrine/couchdb": "~1.0@dev",
                "graylog2/gelf-php": "~1.0",
                "jakub-onderka/php-parallel-lint": "0.9",
                "php-amqplib/php-amqplib": "~2.4",
                "php-console/php-console": "^3.1.3",
                "phpunit/phpunit": "~4.5",
                "phpunit/phpunit-mock-objects": "2.3.0",
                "ruflin/elastica": ">=0.90 <3.0",
                "sentry/sentry": "^0.13",
                "swiftmailer/swiftmailer": "^5.3|^6.0"
            },
            "suggest": {
                "aws/aws-sdk-php": "Allow sending log messages to AWS services like DynamoDB",
                "doctrine/couchdb": "Allow sending log messages to a CouchDB server",
                "ext-amqp": "Allow sending log messages to an AMQP server (1.0+ required)",
                "ext-mongo": "Allow sending log messages to a MongoDB server",
                "graylog2/gelf-php": "Allow sending log messages to a GrayLog2 server",
                "mongodb/mongodb": "Allow sending log messages to a MongoDB server via PHP Driver",
                "php-amqplib/php-amqplib": "Allow sending log messages to an AMQP server using php-amqplib",
                "php-console/php-console": "Allow sending log messages to Google Chrome",
                "rollbar/rollbar": "Allow sending log messages to Rollbar",
                "ruflin/elastica": "Allow sending log messages to an Elastic Search server",
                "sentry/sentry": "Allow sending log messages to a Sentry server"
            },
            "type": "library",
            "extra": {
                "branch-alias": {
                    "dev-master": "2.0.x-dev"
                }
            },
            "autoload": {
                "psr-4": {
                    "Monolog\\": "src/Monolog"
                }
            },
            "notification-url": "https://packagist.org/downloads/",
            "license": [
                "MIT"
            ],
            "authors": [
                {
                    "name": "Jordi Boggiano",
                    "email": "j.boggiano@seld.be",
                    "homepage": "http://seld.be"
                }
            ],
            "description": "Sends your logs to files, sockets, inboxes, databases and various web services",
            "homepage": "http://github.com/Seldaek/monolog",
            "keywords": [
                "log",
                "logging",
                "psr-3"
            ],
            "time": "2018-12-26T14:24:03+00:00"
        },
        {
            "name": "oyejorge/less.php",
            "version": "1.7.x-dev",
            "source": {
                "type": "git",
                "url": "https://github.com/oyejorge/less.php.git",
                "reference": "8f77f13bbc4d5997c76322523e1fb28376acf080"
            },
            "dist": {
                "type": "zip",
                "url": "https://api.github.com/repos/oyejorge/less.php/zipball/8f77f13bbc4d5997c76322523e1fb28376acf080",
                "reference": "8f77f13bbc4d5997c76322523e1fb28376acf080",
                "shasum": ""
            },
            "require": {
                "php": ">=5.2"
            },
            "bin": [
                "bin/lessc"
            ],
            "type": "library",
            "autoload": {
                "psr-0": {
                    "Less": "lib/"
                },
                "classmap": [
                    "lessc.inc.php"
                ]
            },
            "notification-url": "https://packagist.org/downloads/",
            "license": [
                "Apache-2.0"
            ],
            "authors": [
                {
                    "name": "Matt Agar",
                    "homepage": "https://github.com/agar"
                },
                {
                    "name": "Martin Jantošovič",
                    "homepage": "https://github.com/Mordred"
                },
                {
                    "name": "Josh Schmidt",
                    "homepage": "https://github.com/oyejorge"
                }
            ],
            "description": "PHP port of the Javascript version of LESS http://lesscss.org",
            "homepage": "http://lessphp.gpeasy.com",
            "keywords": [
                "css",
                "less",
                "less.js",
                "lesscss",
                "php",
                "stylesheet"
            ],
            "time": "2014-03-04T18:49:54+00:00"
        },
        {
            "name": "phpmailer/phpmailer",
            "version": "6.0.x-dev",
            "source": {
                "type": "git",
                "url": "https://github.com/PHPMailer/PHPMailer.git",
                "reference": "ea25dc122d22966b7dd4ca1083c63afeeb50dfcd"
            },
            "dist": {
                "type": "zip",
                "url": "https://api.github.com/repos/PHPMailer/PHPMailer/zipball/ea25dc122d22966b7dd4ca1083c63afeeb50dfcd",
                "reference": "ea25dc122d22966b7dd4ca1083c63afeeb50dfcd",
                "shasum": ""
            },
            "require": {
                "ext-ctype": "*",
                "php": ">=5.5.0"
            },
            "require-dev": {
                "doctrine/annotations": "1.2.*",
                "phpdocumentor/phpdocumentor": "2.*",
                "phpunit/phpunit": "4.*",
                "zendframework/zend-eventmanager": "3.0.*",
                "zendframework/zend-i18n": "2.7.3",
                "zendframework/zend-serializer": "2.7.*"
            },
            "suggest": {
                "ext-mbstring": "Needed to send email in multibyte encoding charset",
                "hayageek/oauth2-yahoo": "Needed for Yahoo XOAUTH2 authentication",
                "league/oauth2-google": "Needed for Google XOAUTH2 authentication",
                "psr/log": "For optional PSR-3 debug logging",
                "stevenmaguire/oauth2-microsoft": "Needed for Microsoft XOAUTH2 authentication",
                "symfony/polyfill-mbstring": "To support UTF-8 if the Mbstring PHP extension is not enabled (^1.2)"
            },
            "type": "library",
            "autoload": {
                "psr-4": {
                    "PHPMailer\\PHPMailer\\": "src/"
                }
            },
            "notification-url": "https://packagist.org/downloads/",
            "license": [
                "LGPL-2.1"
            ],
            "authors": [
                {
                    "name": "Jim Jagielski",
                    "email": "jimjag@gmail.com"
                },
                {
                    "name": "Marcus Bointon",
                    "email": "phpmailer@synchromedia.co.uk"
                },
                {
                    "name": "Andy Prevost",
                    "email": "codeworxtech@users.sourceforge.net"
                },
                {
                    "name": "Brent R. Matzelle"
                }
            ],
            "description": "PHPMailer is a full-featured email creation and transfer class for PHP",
            "time": "2017-08-28T11:42:41+00:00"
        },
        {
            "name": "psr/cache",
            "version": "dev-master",
            "source": {
                "type": "git",
                "url": "https://github.com/php-fig/cache.git",
                "reference": "78c5a01ddbf11cf731f1338a4f5aba23b14d5b47"
            },
            "dist": {
                "type": "zip",
                "url": "https://api.github.com/repos/php-fig/cache/zipball/78c5a01ddbf11cf731f1338a4f5aba23b14d5b47",
                "reference": "78c5a01ddbf11cf731f1338a4f5aba23b14d5b47",
                "shasum": ""
            },
            "require": {
                "php": ">=5.3.0"
            },
            "type": "library",
            "extra": {
                "branch-alias": {
                    "dev-master": "1.0.x-dev"
                }
            },
            "autoload": {
                "psr-4": {
                    "Psr\\Cache\\": "src/"
                }
            },
            "notification-url": "https://packagist.org/downloads/",
            "license": [
                "MIT"
            ],
            "authors": [
                {
                    "name": "PHP-FIG",
                    "homepage": "http://www.php-fig.org/"
                }
            ],
            "description": "Common interface for caching libraries",
            "keywords": [
                "cache",
                "psr",
                "psr-6"
            ],
            "time": "2016-10-13T14:48:10+00:00"
        },
        {
            "name": "psr/http-message",
            "version": "dev-master",
            "source": {
                "type": "git",
                "url": "https://github.com/php-fig/http-message.git",
                "reference": "f6561bf28d520154e4b0ec72be95418abe6d9363"
            },
            "dist": {
                "type": "zip",
                "url": "https://api.github.com/repos/php-fig/http-message/zipball/f6561bf28d520154e4b0ec72be95418abe6d9363",
                "reference": "f6561bf28d520154e4b0ec72be95418abe6d9363",
                "shasum": ""
            },
            "require": {
                "php": ">=5.3.0"
            },
            "type": "library",
            "extra": {
                "branch-alias": {
                    "dev-master": "1.0.x-dev"
                }
            },
            "autoload": {
                "psr-4": {
                    "Psr\\Http\\Message\\": "src/"
                }
            },
            "notification-url": "https://packagist.org/downloads/",
            "license": [
                "MIT"
            ],
            "authors": [
                {
                    "name": "PHP-FIG",
                    "homepage": "http://www.php-fig.org/"
                }
            ],
            "description": "Common interface for HTTP messages",
            "homepage": "https://github.com/php-fig/http-message",
            "keywords": [
                "http",
                "http-message",
                "psr",
                "psr-7",
                "request",
                "response"
            ],
            "time": "2016-08-06T14:39:51+00:00"
        },
        {
            "name": "psr/log",
            "version": "dev-master",
            "source": {
                "type": "git",
                "url": "https://github.com/php-fig/log.git",
                "reference": "c4421fcac1edd5a324fda73e589a5cf96e52ffd0"
            },
            "dist": {
                "type": "zip",
                "url": "https://api.github.com/repos/php-fig/log/zipball/c4421fcac1edd5a324fda73e589a5cf96e52ffd0",
                "reference": "c4421fcac1edd5a324fda73e589a5cf96e52ffd0",
                "shasum": ""
            },
            "require": {
                "php": ">=5.3.0"
            },
            "type": "library",
            "extra": {
                "branch-alias": {
                    "dev-master": "1.1.x-dev"
                }
            },
            "autoload": {
                "psr-4": {
                    "Psr\\Log\\": "Psr/Log/"
                }
            },
            "notification-url": "https://packagist.org/downloads/",
            "license": [
                "MIT"
            ],
            "authors": [
                {
                    "name": "PHP-FIG",
                    "homepage": "http://www.php-fig.org/"
                }
            ],
            "description": "Common interface for logging libraries",
            "homepage": "https://github.com/php-fig/log",
            "keywords": [
                "log",
                "psr",
                "psr-3"
            ],
            "time": "2018-11-21T13:42:00+00:00"
        },
        {
            "name": "symfony/console",
            "version": "3.4.x-dev",
            "source": {
                "type": "git",
                "url": "https://github.com/symfony/console.git",
                "reference": "59142c1c3ff0893f1837e6c2f5ca2d1d20d540be"
            },
            "dist": {
                "type": "zip",
                "url": "https://api.github.com/repos/symfony/console/zipball/59142c1c3ff0893f1837e6c2f5ca2d1d20d540be",
                "reference": "59142c1c3ff0893f1837e6c2f5ca2d1d20d540be",
                "shasum": ""
            },
            "require": {
                "php": "^5.5.9|>=7.0.8",
                "symfony/debug": "~2.8|~3.0|~4.0",
                "symfony/polyfill-mbstring": "~1.0"
            },
            "conflict": {
                "symfony/dependency-injection": "<3.4",
                "symfony/process": "<3.3"
            },
            "provide": {
                "psr/log-implementation": "1.0"
            },
            "require-dev": {
                "psr/log": "~1.0",
                "symfony/config": "~3.3|~4.0",
                "symfony/dependency-injection": "~3.4|~4.0",
                "symfony/event-dispatcher": "~2.8|~3.0|~4.0",
                "symfony/lock": "~3.4|~4.0",
                "symfony/process": "~3.3|~4.0"
            },
            "suggest": {
                "psr/log": "For using the console logger",
                "symfony/event-dispatcher": "",
                "symfony/lock": "",
                "symfony/process": ""
            },
            "type": "library",
            "extra": {
                "branch-alias": {
                    "dev-master": "3.4-dev"
                }
            },
            "autoload": {
                "psr-4": {
                    "Symfony\\Component\\Console\\": ""
                },
                "exclude-from-classmap": [
                    "/Tests/"
                ]
            },
            "notification-url": "https://packagist.org/downloads/",
            "license": [
                "MIT"
            ],
            "authors": [
                {
                    "name": "Fabien Potencier",
                    "email": "fabien@symfony.com"
                },
                {
                    "name": "Symfony Community",
                    "homepage": "https://symfony.com/contributors"
                }
            ],
            "description": "Symfony Console Component",
            "homepage": "https://symfony.com",
            "time": "2019-02-18T18:44:35+00:00"
        },
        {
            "name": "symfony/debug",
            "version": "dev-master",
            "source": {
                "type": "git",
                "url": "https://github.com/symfony/debug.git",
                "reference": "091fd557df9422472f877c3034b8454273b4a5b3"
            },
            "dist": {
                "type": "zip",
                "url": "https://api.github.com/repos/symfony/debug/zipball/091fd557df9422472f877c3034b8454273b4a5b3",
                "reference": "091fd557df9422472f877c3034b8454273b4a5b3",
                "shasum": ""
            },
            "require": {
                "php": "^7.1.3",
                "psr/log": "~1.0"
            },
            "conflict": {
                "symfony/http-kernel": "<3.4"
            },
            "require-dev": {
                "symfony/http-kernel": "~3.4|~4.0"
            },
            "type": "library",
            "extra": {
                "branch-alias": {
                    "dev-master": "4.3-dev"
                }
            },
            "autoload": {
                "psr-4": {
                    "Symfony\\Component\\Debug\\": ""
                },
                "exclude-from-classmap": [
                    "/Tests/"
                ]
            },
            "notification-url": "https://packagist.org/downloads/",
            "license": [
                "MIT"
            ],
            "authors": [
                {
                    "name": "Fabien Potencier",
                    "email": "fabien@symfony.com"
                },
                {
                    "name": "Symfony Community",
                    "homepage": "https://symfony.com/contributors"
                }
            ],
            "description": "Symfony Debug Component",
            "homepage": "https://symfony.com",
            "time": "2019-02-19T18:29:52+00:00"
        },
        {
            "name": "symfony/event-dispatcher",
            "version": "3.4.x-dev",
            "source": {
                "type": "git",
                "url": "https://github.com/symfony/event-dispatcher.git",
                "reference": "ed5be1663fa66623b3a7004d5d51a14c4045399b"
            },
            "dist": {
                "type": "zip",
                "url": "https://api.github.com/repos/symfony/event-dispatcher/zipball/ed5be1663fa66623b3a7004d5d51a14c4045399b",
                "reference": "ed5be1663fa66623b3a7004d5d51a14c4045399b",
                "shasum": ""
            },
            "require": {
                "php": "^5.5.9|>=7.0.8"
            },
            "conflict": {
                "symfony/dependency-injection": "<3.3"
            },
            "require-dev": {
                "psr/log": "~1.0",
                "symfony/config": "~2.8|~3.0|~4.0",
                "symfony/dependency-injection": "~3.3|~4.0",
                "symfony/expression-language": "~2.8|~3.0|~4.0",
                "symfony/stopwatch": "~2.8|~3.0|~4.0"
            },
            "suggest": {
                "symfony/dependency-injection": "",
                "symfony/http-kernel": ""
            },
            "type": "library",
            "extra": {
                "branch-alias": {
                    "dev-master": "3.4-dev"
                }
            },
            "autoload": {
                "psr-4": {
                    "Symfony\\Component\\EventDispatcher\\": ""
                },
                "exclude-from-classmap": [
                    "/Tests/"
                ]
            },
            "notification-url": "https://packagist.org/downloads/",
            "license": [
                "MIT"
            ],
            "authors": [
                {
                    "name": "Fabien Potencier",
                    "email": "fabien@symfony.com"
                },
                {
                    "name": "Symfony Community",
                    "homepage": "https://symfony.com/contributors"
                }
            ],
            "description": "Symfony EventDispatcher Component",
            "homepage": "https://symfony.com",
            "time": "2019-01-16T13:27:11+00:00"
        },
        {
            "name": "symfony/polyfill-mbstring",
            "version": "dev-master",
            "source": {
                "type": "git",
                "url": "https://github.com/symfony/polyfill-mbstring.git",
                "reference": "fe5e94c604826c35a32fa832f35bd036b6799609"
            },
            "dist": {
                "type": "zip",
                "url": "https://api.github.com/repos/symfony/polyfill-mbstring/zipball/fe5e94c604826c35a32fa832f35bd036b6799609",
                "reference": "fe5e94c604826c35a32fa832f35bd036b6799609",
                "shasum": ""
            },
            "require": {
                "php": ">=5.3.3"
            },
            "suggest": {
                "ext-mbstring": "For best performance"
            },
            "type": "library",
            "extra": {
                "branch-alias": {
                    "dev-master": "1.11-dev"
                }
            },
            "autoload": {
                "psr-4": {
                    "Symfony\\Polyfill\\Mbstring\\": ""
                },
                "files": [
                    "bootstrap.php"
                ]
            },
            "notification-url": "https://packagist.org/downloads/",
            "license": [
                "MIT"
            ],
            "authors": [
                {
                    "name": "Nicolas Grekas",
                    "email": "p@tchwork.com"
                },
                {
                    "name": "Symfony Community",
                    "homepage": "https://symfony.com/contributors"
                }
            ],
            "description": "Symfony polyfill for the Mbstring extension",
            "homepage": "https://symfony.com",
            "keywords": [
                "compatibility",
                "mbstring",
                "polyfill",
                "portable",
                "shim"
            ],
            "time": "2019-02-06T07:57:58+00:00"
        },
        {
            "name": "symfony/translation",
            "version": "3.4.x-dev",
            "source": {
                "type": "git",
                "url": "https://github.com/symfony/translation.git",
                "reference": "7717a0909fed3cdc2fae454b4da70f0973a5ea70"
            },
            "dist": {
                "type": "zip",
                "url": "https://api.github.com/repos/symfony/translation/zipball/7717a0909fed3cdc2fae454b4da70f0973a5ea70",
                "reference": "7717a0909fed3cdc2fae454b4da70f0973a5ea70",
                "shasum": ""
            },
            "require": {
                "php": "^5.5.9|>=7.0.8",
                "symfony/polyfill-mbstring": "~1.0"
            },
            "conflict": {
                "symfony/config": "<2.8",
                "symfony/dependency-injection": "<3.4",
                "symfony/yaml": "<3.4"
            },
            "require-dev": {
                "psr/log": "~1.0",
                "symfony/config": "~2.8|~3.0|~4.0",
                "symfony/dependency-injection": "~3.4|~4.0",
                "symfony/finder": "~2.8|~3.0|~4.0",
                "symfony/intl": "^2.8.18|^3.2.5|~4.0",
                "symfony/yaml": "~3.4|~4.0"
            },
            "suggest": {
                "psr/log-implementation": "To use logging capability in translator",
                "symfony/config": "",
                "symfony/yaml": ""
            },
            "type": "library",
            "extra": {
                "branch-alias": {
                    "dev-master": "3.4-dev"
                }
            },
            "autoload": {
                "psr-4": {
                    "Symfony\\Component\\Translation\\": ""
                },
                "exclude-from-classmap": [
                    "/Tests/"
                ]
            },
            "notification-url": "https://packagist.org/downloads/",
            "license": [
                "MIT"
            ],
            "authors": [
                {
                    "name": "Fabien Potencier",
                    "email": "fabien@symfony.com"
                },
                {
                    "name": "Symfony Community",
                    "homepage": "https://symfony.com/contributors"
                }
            ],
            "description": "Symfony Translation Component",
            "homepage": "https://symfony.com",
            "time": "2019-02-18T12:35:29+00:00"
        },
        {
            "name": "ttek/tk-database",
            "version": "dev-master",
            "source": {
                "type": "git",
                "url": "https://github.com/tropotek/tk-database.git",
                "reference": "af52d3ff39d7613d966b0df39edbeae6174cfbe0"
            },
            "dist": {
                "type": "zip",
                "url": "https://api.github.com/repos/tropotek/tk-database/zipball/af52d3ff39d7613d966b0df39edbeae6174cfbe0",
                "reference": "af52d3ff39d7613d966b0df39edbeae6174cfbe0",
                "shasum": ""
            },
            "require": {
                "ttek/tk-framework": "~2.0"
            },
            "type": "library",
            "extra": {
                "branch-alias": {
                    "dev-master": "2.0.x-dev"
                }
            },
            "autoload": {
                "psr-0": {
                    "Tk\\": ""
                }
            },
            "notification-url": "https://packagist.org/downloads/",
            "license": [
                "MIT"
            ],
            "authors": [
                {
                    "name": "Michael Mifsud",
                    "email": "info@tropotek.com.au",
                    "homepage": "http://www.tropotek.com/"
                }
            ],
            "description": "The Tropotek Framework database libs",
            "keywords": [
                "Tk",
                "database",
                "tropotek"
            ],
            "time": "2019-02-11T03:13:24+00:00"
        },
        {
            "name": "ttek/tk-domtemplate",
            "version": "dev-master",
            "source": {
                "type": "git",
                "url": "https://github.com/tropotek/tk-domtemplate.git",
                "reference": "4174b89a06b330e8a673b4858e6301f12d6d36e5"
            },
            "dist": {
                "type": "zip",
                "url": "https://api.github.com/repos/tropotek/tk-domtemplate/zipball/4174b89a06b330e8a673b4858e6301f12d6d36e5",
                "reference": "4174b89a06b330e8a673b4858e6301f12d6d36e5",
                "shasum": ""
            },
            "require": {
                "leafo/scssphp": "~0.7.7",
                "oyejorge/less.php": "~1.6",
                "php": ">=5.3.0"
            },
            "type": "library",
            "extra": {
                "branch-alias": {
                    "dev-master": "2.2.x-dev"
                }
            },
            "autoload": {
                "psr-0": {
                    "Dom\\": ""
                }
            },
            "notification-url": "https://packagist.org/downloads/",
            "license": [
                "MIT"
            ],
            "authors": [
                {
                    "name": "Michael Mifsud",
                    "email": "info@tropotek.com.au",
                    "homepage": "http://www.tropotek.com/"
                }
            ],
            "description": "A PHP DOM Template library using XML/HTML files for templates",
            "keywords": [
                "dom",
                "dom-template",
                "tropotek"
            ],
            "time": "2019-01-31T20:40:15+00:00"
        },
        {
            "name": "ttek/tk-form",
            "version": "dev-master",
            "source": {
                "type": "git",
                "url": "https://github.com/tropotek/tk-form.git",
                "reference": "6a1bd3bf2d33a57128804c749b2caa3e08c69b40"
            },
            "dist": {
                "type": "zip",
                "url": "https://api.github.com/repos/tropotek/tk-form/zipball/6a1bd3bf2d33a57128804c749b2caa3e08c69b40",
                "reference": "6a1bd3bf2d33a57128804c749b2caa3e08c69b40",
                "shasum": ""
            },
            "require": {
                "ttek/tk-domtemplate": "~2.0",
                "ttek/tk-framework": "~2.0",
                "ttek/tk-mvc": "~2.0"
            },
            "type": "library",
            "extra": {
                "branch-alias": {
                    "dev-master": "2.1.x-dev"
                }
            },
            "autoload": {
                "psr-0": {
                    "Tk\\": ""
                }
            },
            "notification-url": "https://packagist.org/downloads/",
            "license": [
                "MIT"
            ],
            "authors": [
                {
                    "name": "Michael Mifsud",
                    "email": "info@tropotek.com.au",
                    "homepage": "http://www.tropotek.com/"
                }
            ],
            "description": "Create dynamic forms easily with the Tk framework",
            "keywords": [
                "form",
                "tropotek"
            ],
            "time": "2019-02-14T22:40:34+00:00"
        },
        {
            "name": "ttek/tk-framework",
            "version": "dev-master",
            "source": {
                "type": "git",
                "url": "https://github.com/tropotek/tk-framework.git",
                "reference": "e2ac30d0ed02c2efb05bf9d960a1986f8ce77b69"
            },
            "dist": {
                "type": "zip",
                "url": "https://api.github.com/repos/tropotek/tk-framework/zipball/e2ac30d0ed02c2efb05bf9d960a1986f8ce77b69",
                "reference": "e2ac30d0ed02c2efb05bf9d960a1986f8ce77b69",
                "shasum": ""
            },
            "require": {
                "monolog/monolog": "^1.0",
                "php": ">=5.3.0",
                "psr/log": "^1.0"
            },
            "type": "library",
            "extra": {
                "branch-alias": {
                    "dev-master": "2.0.x-dev"
                }
            },
            "autoload": {
                "psr-0": {
                    "Tk\\": ""
                },
                "files": [
                    "Tk/Exception.php",
                    "functions/varDump.php"
                ]
            },
            "notification-url": "https://packagist.org/downloads/",
            "license": [
                "MIT"
            ],
            "authors": [
                {
                    "name": "Michael Mifsud",
                    "email": "info@tropotek.com",
                    "homepage": "http://www.tropotek.com/"
                }
            ],
            "description": "Tropotek Framework V2",
            "homepage": "http://www.tropotek.com/",
            "keywords": [
                "Tk",
                "framework",
                "tropotek"
            ],
            "time": "2019-02-06T22:36:56+00:00"
        },
        {
            "name": "ttek/tk-http",
            "version": "dev-master",
            "source": {
                "type": "git",
                "url": "https://github.com/tropotek/tk-http.git",
                "reference": "bcd701e4544413e221000a700ffd4b324a04c49d"
            },
            "dist": {
                "type": "zip",
                "url": "https://api.github.com/repos/tropotek/tk-http/zipball/bcd701e4544413e221000a700ffd4b324a04c49d",
                "reference": "bcd701e4544413e221000a700ffd4b324a04c49d",
                "shasum": ""
            },
            "require": {
                "psr/cache": "^1.0",
                "psr/http-message": "^1.0",
                "ttek/tk-framework": "~2.0"
            },
            "type": "library",
            "extra": {
                "branch-alias": {
                    "dev-master": "2.0.x-dev"
                }
            },
            "autoload": {
                "psr-0": {
                    "Tk\\": ""
                }
            },
            "notification-url": "https://packagist.org/downloads/",
            "license": [
                "MIT"
            ],
            "authors": [
                {
                    "name": "Michael Mifsud",
                    "email": "info@tropotek.com.au",
                    "homepage": "http://www.tropotek.com/"
                }
            ],
            "description": "HTTP library for the Tk lib",
            "keywords": [
                "Tk",
                "http",
                "tropotek"
            ],
            "time": "2019-01-13T21:46:26+00:00"
        },
        {
            "name": "ttek/tk-installers",
            "version": "dev-master",
            "source": {
                "type": "git",
                "url": "https://github.com/tropotek/tk-installers.git",
                "reference": "95969d76cea201d4e86cb6431b46f0332214cebe"
            },
            "dist": {
                "type": "zip",
                "url": "https://api.github.com/repos/tropotek/tk-installers/zipball/95969d76cea201d4e86cb6431b46f0332214cebe",
                "reference": "95969d76cea201d4e86cb6431b46f0332214cebe",
                "shasum": ""
            },
            "require": {
                "composer-plugin-api": "^1.1",
                "php": ">=5.2.0"
            },
            "type": "composer-plugin",
            "extra": {
                "class": [
                    "Tk\\Installer\\AssetPlugin",
                    "Tk\\Installer\\ThemePlugin",
                    "Tk\\Installer\\PluginPlugin"
                ],
                "branch-alias": {
                    "dev-master": "2.0.x-dev"
                }
            },
            "autoload": {
                "psr-0": {
                    "Tk\\": ""
                }
            },
            "notification-url": "https://packagist.org/downloads/",
            "license": [
                "MIT"
            ],
            "authors": [
                {
                    "name": "Michael Mifsud",
                    "email": "info@tropotek.com.au",
                    "homepage": "http://www.tropotek.com/"
                }
            ],
            "description": "Tropotek installer plugins",
            "keywords": [
                "installers",
                "tools",
                "tropotek"
            ],
            "time": "2018-08-30T22:41:29+00:00"
        },
        {
            "name": "ttek/tk-mail",
            "version": "dev-master",
            "source": {
                "type": "git",
                "url": "https://github.com/tropotek/tk-mail.git",
                "reference": "5bbae60903c9dcaafc1644e1ad2cc3be828d88e2"
            },
            "dist": {
                "type": "zip",
                "url": "https://api.github.com/repos/tropotek/tk-mail/zipball/5bbae60903c9dcaafc1644e1ad2cc3be828d88e2",
                "reference": "5bbae60903c9dcaafc1644e1ad2cc3be828d88e2",
                "shasum": ""
            },
            "require": {
                "phpmailer/phpmailer": "~6.0",
                "ttek/tk-domtemplate": "~2.0",
                "ttek/tk-framework": "~2.0",
                "ttek/tk-http": "~2.0"
            },
            "type": "library",
            "extra": {
                "branch-alias": {
                    "dev-master": "2.0.x-dev"
                }
            },
            "autoload": {
                "psr-0": {
                    "Tk": ""
                }
            },
            "notification-url": "https://packagist.org/downloads/",
            "license": [
                "MIT"
            ],
            "authors": [
                {
                    "name": "Michael Mifsud",
                    "email": "info@tropotek.com.au",
                    "homepage": "http://www.tropotek.com/"
                }
            ],
            "description": "A mail lib using PHPMailer for the tk libs",
            "keywords": [
                "table",
                "tropotek"
            ],
            "time": "2018-10-03T03:41:38+00:00"
        },
        {
            "name": "ttek/tk-mvc",
            "version": "dev-master",
            "source": {
                "type": "git",
                "url": "https://github.com/tropotek/tk-mvc.git",
                "reference": "42fbead7ba5a2d63645fbea7a50b54f87816ea22"
            },
            "dist": {
                "type": "zip",
                "url": "https://api.github.com/repos/tropotek/tk-mvc/zipball/42fbead7ba5a2d63645fbea7a50b54f87816ea22",
                "reference": "42fbead7ba5a2d63645fbea7a50b54f87816ea22",
                "shasum": ""
            },
            "require": {
                "symfony/console": "~3.4",
                "symfony/event-dispatcher": "~3.4",
                "symfony/translation": "~3.4",
                "ttek/tk-framework": "~2.0"
            },
            "type": "library",
            "extra": {
                "branch-alias": {
                    "dev-master": "2.1.x-dev"
                }
            },
            "autoload": {
                "psr-0": {
                    "Tk\\": ""
                }
            },
            "notification-url": "https://packagist.org/downloads/",
            "license": [
                "MIT"
            ],
            "authors": [
                {
                    "name": "Michael Mifsud",
                    "email": "info@tropotek.com.au",
                    "homepage": "http://www.tropotek.com/"
                }
            ],
            "description": "Model-View-Controller library for the Tk lib",
            "keywords": [
                "Tk",
                "mvc",
                "tropotek"
            ],
            "time": "2019-01-13T21:46:46+00:00"
        },
        {
            "name": "ttek/tk-table",
            "version": "dev-master",
            "source": {
                "type": "git",
                "url": "https://github.com/tropotek/tk-table.git",
                "reference": "282ec3a8ae7038611e236cc7aa563d05eb7c0509"
            },
            "dist": {
                "type": "zip",
                "url": "https://api.github.com/repos/tropotek/tk-table/zipball/282ec3a8ae7038611e236cc7aa563d05eb7c0509",
                "reference": "282ec3a8ae7038611e236cc7aa563d05eb7c0509",
                "shasum": ""
            },
            "require": {
                "ttek/tk-database": "~2.0",
                "ttek/tk-domtemplate": "~2.0",
                "ttek/tk-framework": "~2.0",
                "ttek/tk-mvc": "~2.0"
            },
            "type": "library",
            "extra": {
                "branch-alias": {
                    "dev-master": "2.1.x-dev"
                }
            },
            "autoload": {
                "psr-0": {
                    "Tk": ""
                }
            },
            "notification-url": "https://packagist.org/downloads/",
            "license": [
                "MIT"
            ],
            "authors": [
                {
                    "name": "Michael Mifsud",
                    "email": "info@tropotek.com.au",
                    "homepage": "http://www.tropotek.com/"
                }
            ],
            "description": "A dynamic table lib to manage table rendering",
            "keywords": [
                "table",
                "tropotek"
            ],
            "time": "2019-02-11T02:50:21+00:00"
        }
    ],
    "packages-dev": [],
    "aliases": [],
    "minimum-stability": "dev",
    "stability-flags": [],
    "prefer-stable": false,
    "prefer-lowest": false,
    "platform": {
        "php": ">=5.3.3"
    },
    "platform-dev": []
}
